<?xml version="1.0" encoding="utf-8"?>
<Project ToolsVersion="4.0" xmlns="http://schemas.microsoft.com/developer/msbuild/2003">
  <ItemGroup>
    <Filter Include="소스 파일">
      <UniqueIdentifier>{4FC737F1-C7A5-4376-A066-2A32D752A2FF}</UniqueIdentifier>
      <Extensions>cpp;c;cc;cxx;def;odl;idl;hpj;bat;asm;asmx</Extensions>
    </Filter>
    <Filter Include="헤더 파일">
      <UniqueIdentifier>{93995380-89BD-4b04-88EB-625FBE52EBFB}</UniqueIdentifier>
      <Extensions>h;hh;hpp;hxx;hm;inl;inc;ipp;xsd</Extensions>
    </Filter>
    <Filter Include="리소스 파일">
      <UniqueIdentifier>{67DA6AB6-F800-4c08-8B7A-83BB121AAD01}</UniqueIdentifier>
      <Extensions>rc;ico;cur;bmp;dlg;rc2;rct;bin;rgs;gif;jpg;jpeg;jpe;resx;tiff;tif;png;wav;mfcribbon-ms</Extensions>
    </Filter>
    <Filter Include="소스 파일\Chapter01">
      <UniqueIdentifier>{84dd5902-6ab1-4d80-a7b2-ec42c3acfb2a}</UniqueIdentifier>
    </Filter>
    <Filter Include="헤더 파일\Chapter01">
      <UniqueIdentifier>{ae7f5262-c34e-4b6d-b990-cb3e2473ea77}</UniqueIdentifier>
    </Filter>
    <Filter Include="소스 파일\oopProject">
      <UniqueIdentifier>{634bf10e-da40-43a7-8957-eb20e76f45d5}</UniqueIdentifier>
    </Filter>
    <Filter Include="헤더 파일\oopProject">
      <UniqueIdentifier>{1152e982-de56-41df-9303-9e674c1c7906}</UniqueIdentifier>
    </Filter>
    <Filter Include="소스 파일\Chapter02">
      <UniqueIdentifier>{fd2434a9-4f83-45a4-98c7-34bb48b10b10}</UniqueIdentifier>
    </Filter>
    <Filter Include="헤더 파일\Chapter02">
      <UniqueIdentifier>{d1580933-57d9-47b6-af52-84b916112729}</UniqueIdentifier>
    </Filter>
    <Filter Include="소스 파일\Chapter03">
      <UniqueIdentifier>{838852e7-5c6b-439c-ad20-9a5826f0a39b}</UniqueIdentifier>
    </Filter>
    <Filter Include="헤더 파일\Chapter03">
      <UniqueIdentifier>{4a5ed1b2-c318-4fce-9196-5638d6391ef6}</UniqueIdentifier>
    </Filter>
    <Filter Include="소스 파일\Fruit">
      <UniqueIdentifier>{bd05a43a-2f5d-48c9-ac11-ea50d1cf963b}</UniqueIdentifier>
    </Filter>
    <Filter Include="헤더 파일\Fruit">
      <UniqueIdentifier>{a71d9bf3-0619-40f5-86fd-a31e94a33c7a}</UniqueIdentifier>
    </Filter>
  </ItemGroup>
  <ItemGroup>
    <ClCompile Include="01.cpp">
      <Filter>소스 파일\Chapter01</Filter>
    </ClCompile>
    <ClCompile Include="02.cpp">
      <Filter>소스 파일\Chapter01</Filter>
    </ClCompile>
    <ClCompile Include="03.cpp">
      <Filter>소스 파일\Chapter01</Filter>
    </ClCompile>
    <ClCompile Include="04_inlineFunc.cpp">
      <Filter>소스 파일\Chapter01</Filter>
    </ClCompile>
    <ClCompile Include="05_NameAlias.cpp">
      <Filter>소스 파일\Chapter01</Filter>
    </ClCompile>
    <ClCompile Include="BankSystemVer01.cpp">
      <Filter>소스 파일\oopProject</Filter>
    </ClCompile>
    <ClCompile Include="bankSystemMain.cpp">
      <Filter>소스 파일\oopProject</Filter>
    </ClCompile>
    <ClCompile Include="mainFile.cpp">
      <Filter>소스 파일</Filter>
    </ClCompile>
    <ClCompile Include="03_RefPtr.cpp">
      <Filter>소스 파일\Chapter02</Filter>
    </ClCompile>
    <ClCompile Include="04_ReferenceFuncs.cpp">
      <Filter>소스 파일\Chapter02</Filter>
    </ClCompile>
    <ClCompile Include="CarInline.h">
      <Filter>헤더 파일\Chapter03</Filter>
    </ClCompile>
    <ClCompile Include="CarInline.cpp">
      <Filter>소스 파일\Chapter03</Filter>
    </ClCompile>
    <ClCompile Include="carMain.cpp">
      <Filter>소스 파일\Chapter03</Filter>
    </ClCompile>
    <ClCompile Include="calculatorMain.cpp">
      <Filter>소스 파일\Chapter03</Filter>
    </ClCompile>
    <ClCompile Include="Calculator.h">
      <Filter>헤더 파일\Chapter03</Filter>
    </ClCompile>
    <ClCompile Include="Calculator.cpp">
      <Filter>소스 파일\Chapter03</Filter>
    </ClCompile>
    <ClCompile Include="FruitSaleSim.cpp">
      <Filter>소스 파일\Fruit</Filter>
    </ClCompile>
  </ItemGroup>
  <ItemGroup>
    <ClInclude Include="01.h">
      <Filter>헤더 파일\Chapter01</Filter>
    </ClInclude>
    <ClInclude Include="02.h">
      <Filter>헤더 파일\Chapter01</Filter>
    </ClInclude>
    <ClInclude Include="03.h">
      <Filter>헤더 파일\Chapter01</Filter>
    </ClInclude>
    <ClInclude Include="04_inlineFunc.h">
      <Filter>헤더 파일\Chapter01</Filter>
    </ClInclude>
    <ClInclude Include="05_NameAlias.h">
      <Filter>헤더 파일\Chapter01</Filter>
    </ClInclude>
    <ClInclude Include="BankSystemVer01.h">
      <Filter>헤더 파일\oopProject</Filter>
    </ClInclude>
    <ClInclude Include="mainHeader.h">
      <Filter>헤더 파일</Filter>
    </ClInclude>
    <ClInclude Include="bankSystemMain.h">
      <Filter>헤더 파일\oopProject</Filter>
    </ClInclude>
    <ClInclude Include="03_RefPtr.h">
      <Filter>헤더 파일\Chapter02</Filter>
    </ClInclude>
    <ClInclude Include="04_ReferenceFuncs.h">
      <Filter>헤더 파일\Chapter02</Filter>
    </ClInclude>
    <ClInclude Include="carMain.h">
      <Filter>헤더 파일\Chapter03</Filter>
    </ClInclude>
    <ClInclude Include="calculatorMain.h">
      <Filter>헤더 파일\Chapter03</Filter>
    </ClInclude>
    <ClInclude Include="FruitSaleSim.h">
      <Filter>헤더 파일\Fruit</Filter>
    </ClInclude>
  </ItemGroup>
</Project>