
Microsoft Visual Studio Solution File, Format Version 12.00
# Visual Studio 15
VisualStudioVersion = 15.0.28307.168
MinimumVisualStudioVersion = 10.0.40219.1
Project("{8BC9CEB8-8B4A-11D0-8D11-00A0C91BC942}") = "熱血プログラミングC++", "熱血プログラミングC++\熱血プログラミングC++.vcxproj", "{848E3FFC-0AD7-4BBA-9A59-B0B373419F5A}"
EndProject
Project("{8BC9CEB8-8B4A-11D0-8D11-00A0C91BC942}") = "Chapter01", "Chapter01\Chapter01.vcxproj", "{CF0CAFA8-B159-4F86-88D2-B7B8D86BC869}"
EndProject
Project("{8BC9CEB8-8B4A-11D0-8D11-00A0C91BC942}") = "Chapter02", "Chapter02\Chapter02.vcxproj", "{14D47155-4CBA-4264-843E-BBB5900CD341}"
EndProject
Project("{8BC9CEB8-8B4A-11D0-8D11-00A0C91BC942}") = "Chapter03", "Chapter03\Chapter03.vcxproj", "{D9A4309E-6880-42D6-8228-DE717D51A8CD}"
EndProject
Project("{8BC9CEB8-8B4A-11D0-8D11-00A0C91BC942}") = "OOP", "OOP\OOP.vcxproj", "{DDE09065-CC5F-426D-A475-479F44DBFECB}"
EndProject
Project("{8BC9CEB8-8B4A-11D0-8D11-00A0C91BC942}") = "Fruit", "Fruit\Fruit.vcxproj", "{5740978B-D0A5-49FA-9D29-D72B228E19A5}"
EndProject
Project("{8BC9CEB8-8B4A-11D0-8D11-00A0C91BC942}") = "Chapter04", "Chapter04\Chapter04.vcxproj", "{455E18AD-B09E-4FAC-A3FD-E332E13BB223}"
EndProject
Project("{8BC9CEB8-8B4A-11D0-8D11-00A0C91BC942}") = "Chapter05", "Chapter05\Chapter05.vcxproj", "{D4594F47-1C1C-47EF-8F25-54D7661F7F1C}"
EndProject
Project("{8BC9CEB8-8B4A-11D0-8D11-00A0C91BC942}") = "Chapter06", "Chapter06\Chapter06.vcxproj", "{E3C8A33E-9FE9-4AD5-AB2A-CBDC0480C86F}"
EndProject
Global
	GlobalSection(SolutionConfigurationPlatforms) = preSolution
		Debug|x64 = Debug|x64
		Debug|x86 = Debug|x86
		Release|x64 = Release|x64
		Release|x86 = Release|x86
	EndGlobalSection
	GlobalSection(ProjectConfigurationPlatforms) = postSolution
		{848E3FFC-0AD7-4BBA-9A59-B0B373419F5A}.Debug|x64.ActiveCfg = Debug|x64
		{848E3FFC-0AD7-4BBA-9A59-B0B373419F5A}.Debug|x64.Build.0 = Debug|x64
		{848E3FFC-0AD7-4BBA-9A59-B0B373419F5A}.Debug|x86.ActiveCfg = Debug|Win32
		{848E3FFC-0AD7-4BBA-9A59-B0B373419F5A}.Debug|x86.Build.0 = Debug|Win32
		{848E3FFC-0AD7-4BBA-9A59-B0B373419F5A}.Release|x64.ActiveCfg = Release|x64
		{848E3FFC-0AD7-4BBA-9A59-B0B373419F5A}.Release|x64.Build.0 = Release|x64
		{848E3FFC-0AD7-4BBA-9A59-B0B373419F5A}.Release|x86.ActiveCfg = Release|Win32
		{848E3FFC-0AD7-4BBA-9A59-B0B373419F5A}.Release|x86.Build.0 = Release|Win32
		{CF0CAFA8-B159-4F86-88D2-B7B8D86BC869}.Debug|x64.ActiveCfg = Debug|x64
		{CF0CAFA8-B159-4F86-88D2-B7B8D86BC869}.Debug|x64.Build.0 = Debug|x64
		{CF0CAFA8-B159-4F86-88D2-B7B8D86BC869}.Debug|x86.ActiveCfg = Debug|Win32
		{CF0CAFA8-B159-4F86-88D2-B7B8D86BC869}.Debug|x86.Build.0 = Debug|Win32
		{CF0CAFA8-B159-4F86-88D2-B7B8D86BC869}.Release|x64.ActiveCfg = Release|x64
		{CF0CAFA8-B159-4F86-88D2-B7B8D86BC869}.Release|x64.Build.0 = Release|x64
		{CF0CAFA8-B159-4F86-88D2-B7B8D86BC869}.Release|x86.ActiveCfg = Release|Win32
		{CF0CAFA8-B159-4F86-88D2-B7B8D86BC869}.Release|x86.Build.0 = Release|Win32
		{14D47155-4CBA-4264-843E-BBB5900CD341}.Debug|x64.ActiveCfg = Debug|x64
		{14D47155-4CBA-4264-843E-BBB5900CD341}.Debug|x64.Build.0 = Debug|x64
		{14D47155-4CBA-4264-843E-BBB5900CD341}.Debug|x86.ActiveCfg = Debug|Win32
		{14D47155-4CBA-4264-843E-BBB5900CD341}.Debug|x86.Build.0 = Debug|Win32
		{14D47155-4CBA-4264-843E-BBB5900CD341}.Release|x64.ActiveCfg = Release|x64
		{14D47155-4CBA-4264-843E-BBB5900CD341}.Release|x64.Build.0 = Release|x64
		{14D47155-4CBA-4264-843E-BBB5900CD341}.Release|x86.ActiveCfg = Release|Win32
		{14D47155-4CBA-4264-843E-BBB5900CD341}.Release|x86.Build.0 = Release|Win32
		{D9A4309E-6880-42D6-8228-DE717D51A8CD}.Debug|x64.ActiveCfg = Debug|x64
		{D9A4309E-6880-42D6-8228-DE717D51A8CD}.Debug|x64.Build.0 = Debug|x64
		{D9A4309E-6880-42D6-8228-DE717D51A8CD}.Debug|x86.ActiveCfg = Debug|Win32
		{D9A4309E-6880-42D6-8228-DE717D51A8CD}.Debug|x86.Build.0 = Debug|Win32
		{D9A4309E-6880-42D6-8228-DE717D51A8CD}.Release|x64.ActiveCfg = Release|x64
		{D9A4309E-6880-42D6-8228-DE717D51A8CD}.Release|x64.Build.0 = Release|x64
		{D9A4309E-6880-42D6-8228-DE717D51A8CD}.Release|x86.ActiveCfg = Release|Win32
		{D9A4309E-6880-42D6-8228-DE717D51A8CD}.Release|x86.Build.0 = Release|Win32
		{DDE09065-CC5F-426D-A475-479F44DBFECB}.Debug|x64.ActiveCfg = Debug|x64
		{DDE09065-CC5F-426D-A475-479F44DBFECB}.Debug|x64.Build.0 = Debug|x64
		{DDE09065-CC5F-426D-A475-479F44DBFECB}.Debug|x86.ActiveCfg = Debug|Win32
		{DDE09065-CC5F-426D-A475-479F44DBFECB}.Debug|x86.Build.0 = Debug|Win32
		{DDE09065-CC5F-426D-A475-479F44DBFECB}.Release|x64.ActiveCfg = Release|x64
		{DDE09065-CC5F-426D-A475-479F44DBFECB}.Release|x64.Build.0 = Release|x64
		{DDE09065-CC5F-426D-A475-479F44DBFECB}.Release|x86.ActiveCfg = Release|Win32
		{DDE09065-CC5F-426D-A475-479F44DBFECB}.Release|x86.Build.0 = Release|Win32
		{5740978B-D0A5-49FA-9D29-D72B228E19A5}.Debug|x64.ActiveCfg = Debug|x64
		{5740978B-D0A5-49FA-9D29-D72B228E19A5}.Debug|x64.Build.0 = Debug|x64
		{5740978B-D0A5-49FA-9D29-D72B228E19A5}.Debug|x86.ActiveCfg = Debug|Win32
		{5740978B-D0A5-49FA-9D29-D72B228E19A5}.Debug|x86.Build.0 = Debug|Win32
		{5740978B-D0A5-49FA-9D29-D72B228E19A5}.Release|x64.ActiveCfg = Release|x64
		{5740978B-D0A5-49FA-9D29-D72B228E19A5}.Release|x64.Build.0 = Release|x64
		{5740978B-D0A5-49FA-9D29-D72B228E19A5}.Release|x86.ActiveCfg = Release|Win32
		{5740978B-D0A5-49FA-9D29-D72B228E19A5}.Release|x86.Build.0 = Release|Win32
		{455E18AD-B09E-4FAC-A3FD-E332E13BB223}.Debug|x64.ActiveCfg = Debug|x64
		{455E18AD-B09E-4FAC-A3FD-E332E13BB223}.Debug|x64.Build.0 = Debug|x64
		{455E18AD-B09E-4FAC-A3FD-E332E13BB223}.Debug|x86.ActiveCfg = Debug|Win32
		{455E18AD-B09E-4FAC-A3FD-E332E13BB223}.Debug|x86.Build.0 = Debug|Win32
		{455E18AD-B09E-4FAC-A3FD-E332E13BB223}.Release|x64.ActiveCfg = Release|x64
		{455E18AD-B09E-4FAC-A3FD-E332E13BB223}.Release|x64.Build.0 = Release|x64
		{455E18AD-B09E-4FAC-A3FD-E332E13BB223}.Release|x86.ActiveCfg = Release|Win32
		{455E18AD-B09E-4FAC-A3FD-E332E13BB223}.Release|x86.Build.0 = Release|Win32
		{D4594F47-1C1C-47EF-8F25-54D7661F7F1C}.Debug|x64.ActiveCfg = Debug|x64
		{D4594F47-1C1C-47EF-8F25-54D7661F7F1C}.Debug|x64.Build.0 = Debug|x64
		{D4594F47-1C1C-47EF-8F25-54D7661F7F1C}.Debug|x86.ActiveCfg = Debug|Win32
		{D4594F47-1C1C-47EF-8F25-54D7661F7F1C}.Debug|x86.Build.0 = Debug|Win32
		{D4594F47-1C1C-47EF-8F25-54D7661F7F1C}.Release|x64.ActiveCfg = Release|x64
		{D4594F47-1C1C-47EF-8F25-54D7661F7F1C}.Release|x64.Build.0 = Release|x64
		{D4594F47-1C1C-47EF-8F25-54D7661F7F1C}.Release|x86.ActiveCfg = Release|Win32
		{D4594F47-1C1C-47EF-8F25-54D7661F7F1C}.Release|x86.Build.0 = Release|Win32
		{E3C8A33E-9FE9-4AD5-AB2A-CBDC0480C86F}.Debug|x64.ActiveCfg = Debug|x64
		{E3C8A33E-9FE9-4AD5-AB2A-CBDC0480C86F}.Debug|x64.Build.0 = Debug|x64
		{E3C8A33E-9FE9-4AD5-AB2A-CBDC0480C86F}.Debug|x86.ActiveCfg = Debug|Win32
		{E3C8A33E-9FE9-4AD5-AB2A-CBDC0480C86F}.Debug|x86.Build.0 = Debug|Win32
		{E3C8A33E-9FE9-4AD5-AB2A-CBDC0480C86F}.Release|x64.ActiveCfg = Release|x64
		{E3C8A33E-9FE9-4AD5-AB2A-CBDC0480C86F}.Release|x64.Build.0 = Release|x64
		{E3C8A33E-9FE9-4AD5-AB2A-CBDC0480C86F}.Release|x86.ActiveCfg = Release|Win32
		{E3C8A33E-9FE9-4AD5-AB2A-CBDC0480C86F}.Release|x86.Build.0 = Release|Win32
	EndGlobalSection
	GlobalSection(SolutionProperties) = preSolution
		HideSolutionNode = FALSE
	EndGlobalSection
	GlobalSection(ExtensibilityGlobals) = postSolution
		SolutionGuid = {CDEA3F7C-D194-4C62-B059-513C43F887B5}
	EndGlobalSection
EndGlobal
